
Microsoft Visual Studio Solution File, Format Version 12.00
# Visual Studio Version 16
VisualStudioVersion = 16.0.30204.135
MinimumVisualStudioVersion = 10.0.40219.1
Project("{8BC9CEB8-8B4A-11D0-8D11-00A0C91BC942}") = "liitle_fs_store", "liitle_fs_store\liitle_fs_store.vcxproj", "{B823142E-D6AA-42CA-B679-B74AD8E21715}"
EndProject
Global
	GlobalSection(SolutionConfigurationPlatforms) = preSolution
		Debug|x64 = Debug|x64
		Debug|x86 = Debug|x86
		Release|x64 = Release|x64
		Release|x86 = Release|x86
	EndGlobalSection
	GlobalSection(ProjectConfigurationPlatforms) = postSolution
		{B823142E-D6AA-42CA-B679-B74AD8E21715}.Debug|x64.ActiveCfg = Debug|x64
		{B823142E-D6AA-42CA-B679-B74AD8E21715}.Debug|x64.Build.0 = Debug|x64
		{B823142E-D6AA-42CA-B679-B74AD8E21715}.Debug|x86.ActiveCfg = Debug|Win32
		{B823142E-D6AA-42CA-B679-B74AD8E21715}.Debug|x86.Build.0 = Debug|Win32
		{B823142E-D6AA-42CA-B679-B74AD8E21715}.Release|x64.ActiveCfg = Release|x64
		{B823142E-D6AA-42CA-B679-B74AD8E21715}.Release|x64.Build.0 = Release|x64
		{B823142E-D6AA-42CA-B679-B74AD8E21715}.Release|x86.ActiveCfg = Release|Win32
		{B823142E-D6AA-42CA-B679-B74AD8E21715}.Release|x86.Build.0 = Release|Win32
	EndGlobalSection
	GlobalSection(SolutionProperties) = preSolution
		HideSolutionNode = FALSE
	EndGlobalSection
	GlobalSection(ExtensibilityGlobals) = postSolution
		SolutionGuid = {939071DE-AD08-4574-A1D6-2D7FE234D243}
	EndGlobalSection
EndGlobal
